# This file is generated by running "yarn install" inside your project.
# Manual changes might be lost - proceed with caution!

__metadata:
  version: 8
  cacheKey: 10c0

"@socket.io/base64-arraybuffer@npm:~1.0.2":
  version: 1.0.2
  resolution: "@socket.io/base64-arraybuffer@npm:1.0.2"
  checksum: 10c0/6ab27f9caf778d27ca5054d3a58c4aa507a606bcc8eae4e125ff1c9a3f5481815c46b3c382e0f343357214976cb1a104bcfaa6a977d3cfe16336271215179d27
  languageName: node
  linkType: hard

"@types/component-emitter@npm:^1.2.10":
  version: 1.2.10
  resolution: "@types/component-emitter@npm:1.2.10"
  checksum: 10c0/09102e25f41d65bfdfe75995831314ae102799ca8fd7a2a041a062c1fb5686d9f223a162bafb0a46c41a6d33e3d2beb211ef097d37967acd00839e1fd065c8f0
  languageName: node
  linkType: hard

"@types/cookie@npm:^0.4.1":
  version: 0.4.1
  resolution: "@types/cookie@npm:0.4.1"
  checksum: 10c0/f96afe12bd51be1ec61410b0641243d93fa3a494702407c787a4c872b5c8bcd39b224471452055e44a9ce42af1a636e87d161994226eaf4c2be9c30f60418409
  languageName: node
  linkType: hard

"@types/cors@npm:^2.8.12":
  version: 2.8.12
  resolution: "@types/cors@npm:2.8.12"
  checksum: 10c0/8a69fe7bc946421f8df5173e27c557b51ac2bf51b955bed65935d49bfe6cbe028a3428d2e7ec50ac1f82effa825d75128907e8b6079d7b3ab68cd6c579a303c8
  languageName: node
  linkType: hard

"@types/engine.io@npm:*":
  version: 3.1.5
  resolution: "@types/engine.io@npm:3.1.5"
  dependencies:
    "@types/node": "npm:*"
  checksum: 10c0/aef0ad22dfcc21ffb8e8ea3ee3263adb442706e4f755d1e4e0829b0284f801c1f83c39e71b9646d2ef38093192fd8c04371d590cb80d572f9b84673039b552f7
  languageName: node
  linkType: hard

"@types/node@npm:*, @types/node@npm:>=10.0.0, @types/node@npm:^14.14.31":
  version: 14.14.31
  resolution: "@types/node@npm:14.14.31"
  checksum: 10c0/9ba9faaa4e88fe84296bb7c81d78ab8ddca4ba6b309307ea7a23eb0c50767a886505d73eaf7de83725ad9c051b7831ff61c5537841d29e69f63c095c80ecc945
  languageName: node
  linkType: hard

"@types/socket.io-parser@npm:*":
  version: 2.2.1
  resolution: "@types/socket.io-parser@npm:2.2.1"
  dependencies:
    "@types/node": "npm:*"
  checksum: 10c0/eafc204617c06728a8a3f348ef8fcfbffc3935b445ad082dd7ce76765262e934226f011f84a28c798abaf54ccc070e98c6826603bfee82a3610502a388d9cfba
  languageName: node
  linkType: hard

"@types/socket.io@npm:^2.1.13":
  version: 2.1.13
  resolution: "@types/socket.io@npm:2.1.13"
  dependencies:
    "@types/engine.io": "npm:*"
    "@types/node": "npm:*"
    "@types/socket.io-parser": "npm:*"
  checksum: 10c0/19f25e7247eaaee748ce4a41a1295c491329d9224665dc73ce842ff5c7b0cc71461bfbd8c117517fc10521f7725f5fcf75e3eef35108311471c8377aa9478101
  languageName: node
  linkType: hard

"accepts@npm:~1.3.4":
  version: 1.3.8
  resolution: "accepts@npm:1.3.8"
  dependencies:
    mime-types: "npm:~2.1.34"
    negotiator: "npm:0.6.3"
  checksum: 10c0/3a35c5f5586cfb9a21163ca47a5f77ac34fa8ceb5d17d2fa2c0d81f41cbd7f8c6fa52c77e2c039acc0f4d09e71abdc51144246900f6bef5e3c4b333f77d89362
  languageName: node
  linkType: hard

"base64id@npm:2.0.0, base64id@npm:~2.0.0":
  version: 2.0.0
  resolution: "base64id@npm:2.0.0"
  checksum: 10c0/6919efd237ed44b9988cbfc33eca6f173a10e810ce50292b271a1a421aac7748ef232a64d1e6032b08f19aae48dce6ee8f66c5ae2c9e5066c82b884861d4d453
  languageName: node
  linkType: hard

"colors@npm:^1.4.0":
  version: 1.4.0
  resolution: "colors@npm:1.4.0"
  checksum: 10c0/9af357c019da3c5a098a301cf64e3799d27549d8f185d86f79af23069e4f4303110d115da98483519331f6fb71c8568d5688fa1c6523600044fd4a54e97c4efb
  languageName: node
  linkType: hard

"component-emitter@npm:~1.3.0":
  version: 1.3.0
  resolution: "component-emitter@npm:1.3.0"
  checksum: 10c0/68774a0a3754fb6c0ba53c2e88886dfbd0c773931066abb1d7fd1b0c893b2a838d8f088ab4dca1f18cc1a4fc2e6932019eba3ded2d931b5ba2241ce40e93a24f
  languageName: node
  linkType: hard

"cookie@npm:~0.4.1":
  version: 0.4.2
  resolution: "cookie@npm:0.4.2"
  checksum: 10c0/beab41fbd7c20175e3a2799ba948c1dcc71ef69f23fe14eeeff59fc09f50c517b0f77098db87dbb4c55da802f9d86ee86cdc1cd3efd87760341551838d53fca2
  languageName: node
  linkType: hard

"cors@npm:~2.8.5":
  version: 2.8.5
  resolution: "cors@npm:2.8.5"
  dependencies:
    object-assign: "npm:^4"
    vary: "npm:^1"
  checksum: 10c0/373702b7999409922da80de4a61938aabba6929aea5b6fd9096fefb9e8342f626c0ebd7507b0e8b0b311380744cc985f27edebc0a26e0ddb784b54e1085de761
  languageName: node
  linkType: hard

"date-fns@npm:^2.28.0":
  version: 2.28.0
  resolution: "date-fns@npm:2.28.0"
  checksum: 10c0/ecdacd36326e7f5f8c4f1e78ae931a8997109f1c841f5163053b866585ca899521b0e7a114eeb48a9fe5135a550787bd4bbd8baa321cded0b4d823f847889a80
  languageName: node
  linkType: hard

"debug@npm:~4.3.1, debug@npm:~4.3.2":
  version: 4.3.4
  resolution: "debug@npm:4.3.4"
  dependencies:
    ms: "npm:2.1.2"
  peerDependenciesMeta:
    supports-color:
      optional: true
  checksum: 10c0/cedbec45298dd5c501d01b92b119cd3faebe5438c3917ff11ae1bff86a6c722930ac9c8659792824013168ba6db7c4668225d845c633fbdafbbf902a6389f736
  languageName: node
  linkType: hard

"engine.io-parser@npm:~5.0.3":
  version: 5.0.3
  resolution: "engine.io-parser@npm:5.0.3"
  dependencies:
    "@socket.io/base64-arraybuffer": "npm:~1.0.2"
  checksum: 10c0/e3835ba33435550d6e0d2142a436b86612b91acea31ecd09d27d2c22253a67c3d0e524826d47fbb4f1670a335e54e4be31401191f8edd85e378220daab05ad21
  languageName: node
  linkType: hard

"engine.io@npm:~6.1.0":
  version: 6.1.3
  resolution: "engine.io@npm:6.1.3"
  dependencies:
    "@types/cookie": "npm:^0.4.1"
    "@types/cors": "npm:^2.8.12"
    "@types/node": "npm:>=10.0.0"
    accepts: "npm:~1.3.4"
    base64id: "npm:2.0.0"
    cookie: "npm:~0.4.1"
    cors: "npm:~2.8.5"
    debug: "npm:~4.3.1"
    engine.io-parser: "npm:~5.0.3"
    ws: "npm:~8.2.3"
  checksum: 10c0/ccf16f0e92f8fd45887d40b56a12861ac3107a464aa31890f55d1980d9b875b260c6aeeae14079f72eb63a561d477eaa0bee40b007c820fa03685bd6bfc8921f
  languageName: node
  linkType: hard

"jotto_core@npm:^1.32.3":
  version: 1.32.3
  resolution: "jotto_core@npm:1.32.3"
  checksum: 10c0/42f2d4241d4e2145819da740bb130b53d371d34d283dcaf089bab1161af60dae4bb8125b2497e682b1620b48ad630b6802c68ee0855996cdb146eee207c5a038
  languageName: node
  linkType: hard

"jotto_server@workspace:.":
  version: 0.0.0-use.local
  resolution: "jotto_server@workspace:."
  dependencies:
    "@types/node": "npm:^14.14.31"
    "@types/socket.io": "npm:^2.1.13"
    colors: "npm:^1.4.0"
    date-fns: "npm:^2.28.0"
    jotto_core: "npm:^1.32.3"
    reflect-metadata: "npm:^0.1.13"
    rxjs: "npm:^7.4.0"
    socket.io: "npm:^4.4.1"
    tsutils: "npm:^3.20.0"
    tsyringe: "npm:^4.6.0"
    typescript: "npm:^4.2.2"
    uuid: "npm:^8.3.2"
  languageName: unknown
  linkType: soft

"mime-db@npm:1.52.0":
  version: 1.52.0
  resolution: "mime-db@npm:1.52.0"
  checksum: 10c0/0557a01deebf45ac5f5777fe7740b2a5c309c6d62d40ceab4e23da9f821899ce7a900b7ac8157d4548ddbb7beffe9abc621250e6d182b0397ec7f10c7b91a5aa
  languageName: node
  linkType: hard

"mime-types@npm:~2.1.34":
  version: 2.1.35
  resolution: "mime-types@npm:2.1.35"
  dependencies:
    mime-db: "npm:1.52.0"
  checksum: 10c0/82fb07ec56d8ff1fc999a84f2f217aa46cb6ed1033fefaabd5785b9a974ed225c90dc72fff460259e66b95b73648596dbcc50d51ed69cdf464af2d237d3149b2
  languageName: node
  linkType: hard

"ms@npm:2.1.2":
  version: 2.1.2
  resolution: "ms@npm:2.1.2"
  checksum: 10c0/a437714e2f90dbf881b5191d35a6db792efbca5badf112f87b9e1c712aace4b4b9b742dd6537f3edf90fd6f684de897cec230abde57e87883766712ddda297cc
  languageName: node
  linkType: hard

"negotiator@npm:0.6.3":
  version: 0.6.3
  resolution: "negotiator@npm:0.6.3"
  checksum: 10c0/3ec9fd413e7bf071c937ae60d572bc67155262068ed522cf4b3be5edbe6ddf67d095ec03a3a14ebf8fc8e95f8e1d61be4869db0dbb0de696f6b837358bd43fc2
  languageName: node
  linkType: hard

"object-assign@npm:^4":
  version: 4.1.1
  resolution: "object-assign@npm:4.1.1"
  checksum: 10c0/1f4df9945120325d041ccf7b86f31e8bcc14e73d29171e37a7903050e96b81323784ec59f93f102ec635bcf6fa8034ba3ea0a8c7e69fa202b87ae3b6cec5a414
  languageName: node
  linkType: hard

"reflect-metadata@npm:^0.1.13":
  version: 0.1.13
  resolution: "reflect-metadata@npm:0.1.13"
  checksum: 10c0/728bff0b376b05639fd11ed80c648b61f7fe653c5b506d7ca118e58b6752b9b00810fe0c86227ecf02bd88da6251ab3eb19fd403aaf2e9ff5ef36a2fda643026
  languageName: node
  linkType: hard

"rxjs@npm:^7.4.0":
  version: 7.4.0
  resolution: "rxjs@npm:7.4.0"
  dependencies:
    tslib: "npm:~2.1.0"
  checksum: 10c0/d0e6de2bc1b1f984fd1cd7001ffc3643e5281fac118c6ded6f21b5b9c54369d20e95485c2665278e467f723fffab7248a0dfad955bc0af4b3539b8cfafaa915d
  languageName: node
  linkType: hard

"socket.io-adapter@npm:~2.3.3":
  version: 2.3.3
  resolution: "socket.io-adapter@npm:2.3.3"
  checksum: 10c0/2144305324304a3e3941ab44aff7a26c8d7ff5f52f9e1ddcfc75bc69e3435ad8367f13b9f4303101c8eeb65c7e6608a91162739d6d13d02f0869f65a4a35e880
  languageName: node
  linkType: hard

"socket.io-parser@npm:~4.0.4":
  version: 4.0.4
  resolution: "socket.io-parser@npm:4.0.4"
  dependencies:
    "@types/component-emitter": "npm:^1.2.10"
    component-emitter: "npm:~1.3.0"
    debug: "npm:~4.3.1"
  checksum: 10c0/bd4fc7a640141626954122a8becadf040931e19a7b2650e2d24f12168015ff87edcc42481d8cd4f169edb01effff3a27a5072a172179067a195efb39d9dbd763
  languageName: node
  linkType: hard

"socket.io@npm:^4.4.1":
  version: 4.4.1
  resolution: "socket.io@npm:4.4.1"
  dependencies:
    accepts: "npm:~1.3.4"
    base64id: "npm:~2.0.0"
    debug: "npm:~4.3.2"
    engine.io: "npm:~6.1.0"
    socket.io-adapter: "npm:~2.3.3"
    socket.io-parser: "npm:~4.0.4"
  checksum: 10c0/173a985bf120fa3568fb3867d7b13fe053e4cd1068a0096ca61fc0b4baa3b8ddc555f03e7ccd252a003f97257fa2cc38b7552e1d540f24ce6b48b97eca621926
  languageName: node
  linkType: hard

"tslib@npm:^1.8.1, tslib@npm:^1.9.3":
  version: 1.14.1
  resolution: "tslib@npm:1.14.1"
  checksum: 10c0/69ae09c49eea644bc5ebe1bca4fa4cc2c82b7b3e02f43b84bd891504edf66dbc6b2ec0eef31a957042de2269139e4acff911e6d186a258fb14069cd7f6febce2
  languageName: node
  linkType: hard

"tslib@npm:~2.1.0":
  version: 2.1.0
  resolution: "tslib@npm:2.1.0"
  checksum: 10c0/e95c8fb198d0209bba917db7b0f399d1aed3c4d6408bf1e4c30deebfeffb4076dc3786500100a3b5c55a535abaaeb5e6bd1da04d0cb49d4228e5a62362cee0b2
  languageName: node
  linkType: hard

"tsutils@npm:^3.20.0":
  version: 3.20.0
  resolution: "tsutils@npm:3.20.0"
  dependencies:
    tslib: "npm:^1.8.1"
  peerDependencies:
    typescript: ">=2.8.0 || >= 3.2.0-dev || >= 3.3.0-dev || >= 3.4.0-dev || >= 3.5.0-dev || >= 3.6.0-dev || >= 3.6.0-beta || >= 3.7.0-dev || >= 3.7.0-beta"
  checksum: 10c0/4e399b55d1881e15e0e7308a2d5eb807f8c64f49a501054e0511c275076662c1a62c9fcc48b8d9c0b7cb602e82563167a4c9e55eb895c2f58e53412183b0de83
  languageName: node
  linkType: hard

"tsyringe@npm:^4.6.0":
  version: 4.6.0
  resolution: "tsyringe@npm:4.6.0"
  dependencies:
    tslib: "npm:^1.9.3"
  checksum: 10c0/e02926992b5ddfcae21ef5dd82269f66b9a9058b98610554b912fb9e311dd186c81296af2f3690679e8ec7542ec1511455f07729cd409067b2483a12574cd978
  languageName: node
  linkType: hard

"typescript@npm:^4.2.2":
  version: 4.2.2
  resolution: "typescript@npm:4.2.2"
  bin:
    tsc: bin/tsc
    tsserver: bin/tsserver
  checksum: 10c0/e67856de6baddc6113171f6e4be04e98f6fad45a93edcae0dc5ffb7e8dcd38e73490c0eb21c83709aa5dc612aa3b0e19e8c6267291ac109482b0c494ffdd1c54
  languageName: node
  linkType: hard

"typescript@patch:typescript@npm%3A^4.2.2#optional!builtin<compat/typescript>":
  version: 4.2.2
  resolution: "typescript@patch:typescript@npm%3A4.2.2#optional!builtin<compat/typescript>::version=4.2.2&hash=334f98"
  bin:
    tsc: bin/tsc
    tsserver: bin/tsserver
  checksum: 10c0/64e97f4d0484a5dd526782f0aa293433a3da04e67935f2f3e6d2087a8accb1417f3ee107153eae3fa577e1f316962a370ca6ef94691c634e59d9e68a32115e09
  languageName: node
  linkType: hard

"uuid@npm:^8.3.2":
  version: 8.3.2
  resolution: "uuid@npm:8.3.2"
  bin:
    uuid: dist/bin/uuid
  checksum: 10c0/bcbb807a917d374a49f475fae2e87fdca7da5e5530820ef53f65ba1d12131bd81a92ecf259cc7ce317cbe0f289e7d79fdfebcef9bfa3087c8c8a2fa304c9be54
  languageName: node
  linkType: hard

"vary@npm:^1":
  version: 1.1.2
  resolution: "vary@npm:1.1.2"
  checksum: 10c0/f15d588d79f3675135ba783c91a4083dcd290a2a5be9fcb6514220a1634e23df116847b1cc51f66bfb0644cf9353b2abb7815ae499bab06e46dd33c1a6bf1f4f
  languageName: node
  linkType: hard

"ws@npm:~8.2.3":
  version: 8.2.3
  resolution: "ws@npm:8.2.3"
  peerDependencies:
    bufferutil: ^4.0.1
    utf-8-validate: ^5.0.2
  peerDependenciesMeta:
    bufferutil:
      optional: true
    utf-8-validate:
      optional: true
  checksum: 10c0/5ef0f81cc5b8776fb5dd5504c83b4f49be5aa610f9319ff774158bba7db495127e69763d73085288223061e7a5d104d022e2e264346b36b046322f50057e7945
  languageName: node
  linkType: hard
